// !$*UTF8*$!
{
	archiveVersion = 1;
	classes = {
	};
	objectVersion = 56;
	objects = {

/* Begin PBXBuildFile section */
		107129F42D86B0C000DCC449 /* kakaiApp.swift in Sources */ = {isa = PBXBuildFile; fileRef = 107129F32D86B0C000DCC449 /* kakaiApp.swift */; };
		107129F62D86B0C000DCC449 /* ContentView.swift in Sources */ = {isa = PBXBuildFile; fileRef = 107129F52D86B0C000DCC449 /* ContentView.swift */; };
		107129F82D86B0C400DCC449 /* Assets.xcassets in Resources */ = {isa = PBXBuildFile; fileRef = 107129F72D86B0C400DCC449 /* Assets.xcassets */; };
		107129FB2D86B0C400DCC449 /* Preview Assets.xcassets in Resources */ = {isa = PBXBuildFile; fileRef = 107129FA2D86B0C400DCC449 /* Preview Assets.xcassets */; };
		10712A022D86B43B00DCC449 /* MainView.swift in Sources */ = {isa = PBXBuildFile; fileRef = 10712A012D86B43B00DCC449 /* MainView.swift */; };
		10712A042D86B44600DCC449 /* SetupView.swift in Sources */ = {isa = PBXBuildFile; fileRef = 10712A032D86B44600DCC449 /* SetupView.swift */; };
		10712A062D86B45200DCC449 /* RelationshipModel.swift in Sources */ = {isa = PBXBuildFile; fileRef = 10712A052D86B45200DCC449 /* RelationshipModel.swift */; };
		10712A082D86B74900DCC449 /* OnboardingView.swift in Sources */ = {isa = PBXBuildFile; fileRef = 10712A072D86B74900DCC449 /* OnboardingView.swift */; };
		10712A142D86BE5B00DCC449 /* WidgetKit.framework in Frameworks */ = {isa = PBXBuildFile; fileRef = 10712A132D86BE5B00DCC449 /* WidgetKit.framework */; };
		10712A162D86BE5B00DCC449 /* SwiftUI.framework in Frameworks */ = {isa = PBXBuildFile; fileRef = 10712A152D86BE5B00DCC449 /* SwiftUI.framework */; };
		10712A192D86BE5B00DCC449 /* KakaiWidgetBundle.swift in Sources */ = {isa = PBXBuildFile; fileRef = 10712A182D86BE5B00DCC449 /* KakaiWidgetBundle.swift */; };
		10712A1D2D86BE5B00DCC449 /* KakaiWidget.swift in Sources */ = {isa = PBXBuildFile; fileRef = 10712A1C2D86BE5B00DCC449 /* KakaiWidget.swift */; };
		10712A1F2D86BE5F00DCC449 /* Assets.xcassets in Resources */ = {isa = PBXBuildFile; fileRef = 10712A1E2D86BE5F00DCC449 /* Assets.xcassets */; };
		10712A232D86BE5F00DCC449 /* KakaiWidgetExtension.appex in Embed Foundation Extensions */ = {isa = PBXBuildFile; fileRef = 10712A112D86BE5B00DCC449 /* KakaiWidgetExtension.appex */; settings = {ATTRIBUTES = (RemoveHeadersOnCopy, ); }; };
		10712A2E2D86D60900DCC449 /* SharedModels.swift in Sources */ = {isa = PBXBuildFile; fileRef = 10712A2D2D86D60900DCC449 /* SharedModels.swift */; };
/* End PBXBuildFile section */

/* Begin PBXContainerItemProxy section */
		10712A212D86BE5F00DCC449 /* PBXContainerItemProxy */ = {
			isa = PBXContainerItemProxy;
			containerPortal = 107129E82D86B0C000DCC449 /* Project object */;
			proxyType = 1;
			remoteGlobalIDString = 10712A102D86BE5B00DCC449;
			remoteInfo = KakaiWidgetExtension;
		};
/* End PBXContainerItemProxy section */

/* Begin PBXCopyFilesBuildPhase section */
		10712A272D86BE5F00DCC449 /* Embed Foundation Extensions */ = {
			isa = PBXCopyFilesBuildPhase;
			buildActionMask = 2147483647;
			dstPath = "";
			dstSubfolderSpec = 13;
			files = (
				10712A232D86BE5F00DCC449 /* KakaiWidgetExtension.appex in Embed Foundation Extensions */,
			);
			name = "Embed Foundation Extensions";
			runOnlyForDeploymentPostprocessing = 0;
		};
/* End PBXCopyFilesBuildPhase section */

/* Begin PBXFileReference section */
		107129F02D86B0C000DCC449 /* kakai.app */ = {isa = PBXFileReference; explicitFileType = wrapper.application; includeInIndex = 0; path = kakai.app; sourceTree = BUILT_PRODUCTS_DIR; };
		107129F32D86B0C000DCC449 /* kakaiApp.swift */ = {isa = PBXFileReference; lastKnownFileType = sourcecode.swift; path = kakaiApp.swift; sourceTree = "<group>"; };
		107129F52D86B0C000DCC449 /* ContentView.swift */ = {isa = PBXFileReference; lastKnownFileType = sourcecode.swift; path = ContentView.swift; sourceTree = "<group>"; };
		107129F72D86B0C400DCC449 /* Assets.xcassets */ = {isa = PBXFileReference; lastKnownFileType = folder.assetcatalog; path = Assets.xcassets; sourceTree = "<group>"; };
		107129FA2D86B0C400DCC449 /* Preview Assets.xcassets */ = {isa = PBXFileReference; lastKnownFileType = folder.assetcatalog; path = "Preview Assets.xcassets"; sourceTree = "<group>"; };
		10712A012D86B43B00DCC449 /* MainView.swift */ = {isa = PBXFileReference; lastKnownFileType = sourcecode.swift; path = MainView.swift; sourceTree = "<group>"; };
		10712A032D86B44600DCC449 /* SetupView.swift */ = {isa = PBXFileReference; lastKnownFileType = sourcecode.swift; path = SetupView.swift; sourceTree = "<group>"; };
		10712A052D86B45200DCC449 /* RelationshipModel.swift */ = {isa = PBXFileReference; lastKnownFileType = sourcecode.swift; path = RelationshipModel.swift; sourceTree = "<group>"; };
		10712A072D86B74900DCC449 /* OnboardingView.swift */ = {isa = PBXFileReference; lastKnownFileType = sourcecode.swift; path = OnboardingView.swift; sourceTree = "<group>"; };
		10712A112D86BE5B00DCC449 /* KakaiWidgetExtension.appex */ = {isa = PBXFileReference; explicitFileType = "wrapper.app-extension"; includeInIndex = 0; path = KakaiWidgetExtension.appex; sourceTree = BUILT_PRODUCTS_DIR; };
		10712A132D86BE5B00DCC449 /* WidgetKit.framework */ = {isa = PBXFileReference; lastKnownFileType = wrapper.framework; name = WidgetKit.framework; path = System/Library/Frameworks/WidgetKit.framework; sourceTree = SDKROOT; };
		10712A152D86BE5B00DCC449 /* SwiftUI.framework */ = {isa = PBXFileReference; lastKnownFileType = wrapper.framework; name = SwiftUI.framework; path = System/Library/Frameworks/SwiftUI.framework; sourceTree = SDKROOT; };
		10712A182D86BE5B00DCC449 /* KakaiWidgetBundle.swift */ = {isa = PBXFileReference; lastKnownFileType = sourcecode.swift; path = KakaiWidgetBundle.swift; sourceTree = "<group>"; };
		10712A1C2D86BE5B00DCC449 /* KakaiWidget.swift */ = {isa = PBXFileReference; lastKnownFileType = sourcecode.swift; path = KakaiWidget.swift; sourceTree = "<group>"; };
		10712A1E2D86BE5F00DCC449 /* Assets.xcassets */ = {isa = PBXFileReference; lastKnownFileType = folder.assetcatalog; path = Assets.xcassets; sourceTree = "<group>"; };
		10712A202D86BE5F00DCC449 /* Info.plist */ = {isa = PBXFileReference; lastKnownFileType = text.plist.xml; path = Info.plist; sourceTree = "<group>"; };
		10712A282D86BE9300DCC449 /* kakai.entitlements */ = {isa = PBXFileReference; lastKnownFileType = text.plist.entitlements; path = kakai.entitlements; sourceTree = "<group>"; };
		10712A292D86BEB900DCC449 /* KakaiWidgetExtension.entitlements */ = {isa = PBXFileReference; lastKnownFileType = text.plist.entitlements; path = KakaiWidgetExtension.entitlements; sourceTree = "<group>"; };
		10712A2D2D86D60900DCC449 /* SharedModels.swift */ = {isa = PBXFileReference; lastKnownFileType = sourcecode.swift; path = SharedModels.swift; sourceTree = "<group>"; };
/* End PBXFileReference section */

/* Begin PBXFrameworksBuildPhase section */
		107129ED2D86B0C000DCC449 /* Frameworks */ = {
			isa = PBXFrameworksBuildPhase;
			buildActionMask = 2147483647;
			files = (
			);
			runOnlyForDeploymentPostprocessing = 0;
		};
		10712A0E2D86BE5B00DCC449 /* Frameworks */ = {
			isa = PBXFrameworksBuildPhase;
			buildActionMask = 2147483647;
			files = (
				10712A162D86BE5B00DCC449 /* SwiftUI.framework in Frameworks */,
				10712A142D86BE5B00DCC449 /* WidgetKit.framework in Frameworks */,
			);
			runOnlyForDeploymentPostprocessing = 0;
		};
/* End PBXFrameworksBuildPhase section */

/* Begin PBXGroup section */
		107129E72D86B0C000DCC449 = {
			isa = PBXGroup;
			children = (
				10712A292D86BEB900DCC449 /* KakaiWidgetExtension.entitlements */,
				107129F22D86B0C000DCC449 /* kakai */,
				10712A172D86BE5B00DCC449 /* KakaiWidget */,
				10712A122D86BE5B00DCC449 /* Frameworks */,
				107129F12D86B0C000DCC449 /* Products */,
			);
			sourceTree = "<group>";
		};
		107129F12D86B0C000DCC449 /* Products */ = {
			isa = PBXGroup;
			children = (
				107129F02D86B0C000DCC449 /* kakai.app */,
				10712A112D86BE5B00DCC449 /* KakaiWidgetExtension.appex */,
			);
			name = Products;
			sourceTree = "<group>";
		};
		107129F22D86B0C000DCC449 /* kakai */ = {
			isa = PBXGroup;
			children = (
				10712A282D86BE9300DCC449 /* kakai.entitlements */,
				107129F32D86B0C000DCC449 /* kakaiApp.swift */,
				107129F52D86B0C000DCC449 /* ContentView.swift */,
				10712A012D86B43B00DCC449 /* MainView.swift */,
				10712A032D86B44600DCC449 /* SetupView.swift */,
				10712A052D86B45200DCC449 /* RelationshipModel.swift */,
				10712A072D86B74900DCC449 /* OnboardingView.swift */,
				10712A2D2D86D60900DCC449 /* SharedModels.swift */,
				107129F72D86B0C400DCC449 /* Assets.xcassets */,
				107129F92D86B0C400DCC449 /* Preview Content */,
			);
			path = kakai;
			sourceTree = "<group>";
		};
		107129F92D86B0C400DCC449 /* Preview Content */ = {
			isa = PBXGroup;
			children = (
				107129FA2D86B0C400DCC449 /* Preview Assets.xcassets */,
			);
			path = "Preview Content";
			sourceTree = "<group>";
		};
		10712A122D86BE5B00DCC449 /* Frameworks */ = {
			isa = PBXGroup;
			children = (
				10712A132D86BE5B00DCC449 /* WidgetKit.framework */,
				10712A152D86BE5B00DCC449 /* SwiftUI.framework */,
			);
			name = Frameworks;
			sourceTree = "<group>";
		};
		10712A172D86BE5B00DCC449 /* KakaiWidget */ = {
			isa = PBXGroup;
			children = (
				10712A182D86BE5B00DCC449 /* KakaiWidgetBundle.swift */,
				10712A1C2D86BE5B00DCC449 /* KakaiWidget.swift */,
				10712A1E2D86BE5F00DCC449 /* Assets.xcassets */,
				10712A202D86BE5F00DCC449 /* Info.plist */,
			);
			path = KakaiWidget;
			sourceTree = "<group>";
		};
/* End PBXGroup section */

/* Begin PBXNativeTarget section */
		107129EF2D86B0C000DCC449 /* kakai */ = {
			isa = PBXNativeTarget;
			buildConfigurationList = 107129FE2D86B0C400DCC449 /* Build configuration list for PBXNativeTarget "kakai" */;
			buildPhases = (
				107129EC2D86B0C000DCC449 /* Sources */,
				107129ED2D86B0C000DCC449 /* Frameworks */,
				107129EE2D86B0C000DCC449 /* Resources */,
				10712A272D86BE5F00DCC449 /* Embed Foundation Extensions */,
			);
			buildRules = (
			);
			dependencies = (
				10712A222D86BE5F00DCC449 /* PBXTargetDependency */,
			);
			name = kakai;
			productName = kakai;
			productReference = 107129F02D86B0C000DCC449 /* kakai.app */;
			productType = "com.apple.product-type.application";
		};
		10712A102D86BE5B00DCC449 /* KakaiWidgetExtension */ = {
			isa = PBXNativeTarget;
			buildConfigurationList = 10712A242D86BE5F00DCC449 /* Build configuration list for PBXNativeTarget "KakaiWidgetExtension" */;
			buildPhases = (
				10712A0D2D86BE5B00DCC449 /* Sources */,
				10712A0E2D86BE5B00DCC449 /* Frameworks */,
				10712A0F2D86BE5B00DCC449 /* Resources */,
			);
			buildRules = (
			);
			dependencies = (
			);
			name = KakaiWidgetExtension;
			productName = KakaiWidgetExtension;
			productReference = 10712A112D86BE5B00DCC449 /* KakaiWidgetExtension.appex */;
			productType = "com.apple.product-type.app-extension";
		};
/* End PBXNativeTarget section */

/* Begin PBXProject section */
		107129E82D86B0C000DCC449 /* Project object */ = {
			isa = PBXProject;
			attributes = {
				BuildIndependentTargetsInParallel = 1;
				LastSwiftUpdateCheck = 1520;
				LastUpgradeCheck = 1520;
				TargetAttributes = {
					107129EF2D86B0C000DCC449 = {
						CreatedOnToolsVersion = 15.2;
					};
					10712A102D86BE5B00DCC449 = {
						CreatedOnToolsVersion = 15.2;
					};
				};
			};
			buildConfigurationList = 107129EB2D86B0C000DCC449 /* Build configuration list for PBXProject "kakai" */;
			compatibilityVersion = "Xcode 14.0";
			developmentRegion = en;
			hasScannedForEncodings = 0;
			knownRegions = (
				en,
				Base,
			);
			mainGroup = 107129E72D86B0C000DCC449;
			productRefGroup = 107129F12D86B0C000DCC449 /* Products */;
			projectDirPath = "";
			projectRoot = "";
			targets = (
				107129EF2D86B0C000DCC449 /* kakai */,
				10712A102D86BE5B00DCC449 /* KakaiWidgetExtension */,
			);
		};
/* End PBXProject section */

/* Begin PBXResourcesBuildPhase section */
		107129EE2D86B0C000DCC449 /* Resources */ = {
			isa = PBXResourcesBuildPhase;
			buildActionMask = 2147483647;
			files = (
				107129FB2D86B0C400DCC449 /* Preview Assets.xcassets in Resources */,
				107129F82D86B0C400DCC449 /* Assets.xcassets in Resources */,
			);
			runOnlyForDeploymentPostprocessing = 0;
		};
		10712A0F2D86BE5B00DCC449 /* Resources */ = {
			isa = PBXResourcesBuildPhase;
			buildActionMask = 2147483647;
			files = (
				10712A1F2D86BE5F00DCC449 /* Assets.xcassets in Resources */,
			);
			runOnlyForDeploymentPostprocessing = 0;
		};
/* End PBXResourcesBuildPhase section */

/* Begin PBXSourcesBuildPhase section */
		107129EC2D86B0C000DCC449 /* Sources */ = {
			isa = PBXSourcesBuildPhase;
			buildActionMask = 2147483647;
			files = (
				10712A2E2D86D60900DCC449 /* SharedModels.swift in Sources */,
				107129F62D86B0C000DCC449 /* ContentView.swift in Sources */,
				10712A022D86B43B00DCC449 /* MainView.swift in Sources */,
				10712A042D86B44600DCC449 /* SetupView.swift in Sources */,
				10712A082D86B74900DCC449 /* OnboardingView.swift in Sources */,
				10712A062D86B45200DCC449 /* RelationshipModel.swift in Sources */,
				107129F42D86B0C000DCC449 /* kakaiApp.swift in Sources */,
			);
			runOnlyForDeploymentPostprocessing = 0;
		};
		10712A0D2D86BE5B00DCC449 /* Sources */ = {
			isa = PBXSourcesBuildPhase;
			buildActionMask = 2147483647;
			files = (
				10712A1D2D86BE5B00DCC449 /* KakaiWidget.swift in Sources */,
				10712A192D86BE5B00DCC449 /* KakaiWidgetBundle.swift in Sources */,
			);
			runOnlyForDeploymentPostprocessing = 0;
		};
/* End PBXSourcesBuildPhase section */

/* Begin PBXTargetDependency section */
		10712A222D86BE5F00DCC449 /* PBXTargetDependency */ = {
			isa = PBXTargetDependency;
			target = 10712A102D86BE5B00DCC449 /* KakaiWidgetExtension */;
			targetProxy = 10712A212D86BE5F00DCC449 /* PBXContainerItemProxy */;
		};
/* End PBXTargetDependency section */

/* Begin XCBuildConfiguration section */
		107129FC2D86B0C400DCC449 /* Debug */ = {
			isa = XCBuildConfiguration;
			buildSettings = {
				ALWAYS_SEARCH_USER_PATHS = NO;
				ASSETCATALOG_COMPILER_GENERATE_SWIFT_ASSET_SYMBOL_EXTENSIONS = YES;
				CLANG_ANALYZER_NONNULL = YES;
				CLANG_ANALYZER_NUMBER_OBJECT_CONVERSION = YES_AGGRESSIVE;
				CLANG_CXX_LANGUAGE_STANDARD = "gnu++20";
				CLANG_ENABLE_MODULES = YES;
				CLANG_ENABLE_OBJC_ARC = YES;
				CLANG_ENABLE_OBJC_WEAK = YES;
				CLANG_WARN_BLOCK_CAPTURE_AUTORELEASING = YES;
				CLANG_WARN_BOOL_CONVERSION = YES;
				CLANG_WARN_COMMA = YES;
				CLANG_WARN_CONSTANT_CONVERSION = YES;
				CLANG_WARN_DEPRECATED_OBJC_IMPLEMENTATIONS = YES;
				CLANG_WARN_DIRECT_OBJC_ISA_USAGE = YES_ERROR;
				CLANG_WARN_DOCUMENTATION_COMMENTS = YES;
				CLANG_WARN_EMPTY_BODY = YES;
				CLANG_WARN_ENUM_CONVERSION = YES;
				CLANG_WARN_INFINITE_RECURSION = YES;
				CLANG_WARN_INT_CONVERSION = YES;
				CLANG_WARN_NON_LITERAL_NULL_CONVERSION = YES;
				CLANG_WARN_OBJC_IMPLICIT_RETAIN_SELF = YES;
				CLANG_WARN_OBJC_LITERAL_CONVERSION = YES;
				CLANG_WARN_OBJC_ROOT_CLASS = YES_ERROR;
				CLANG_WARN_QUOTED_INCLUDE_IN_FRAMEWORK_HEADER = YES;
				CLANG_WARN_RANGE_LOOP_ANALYSIS = YES;
				CLANG_WARN_STRICT_PROTOTYPES = YES;
				CLANG_WARN_SUSPICIOUS_MOVE = YES;
				CLANG_WARN_UNGUARDED_AVAILABILITY = YES_AGGRESSIVE;
				CLANG_WARN_UNREACHABLE_CODE = YES;
				CLANG_WARN__DUPLICATE_METHOD_MATCH = YES;
				COPY_PHASE_STRIP = NO;
				DEBUG_INFORMATION_FORMAT = dwarf;
				ENABLE_STRICT_OBJC_MSGSEND = YES;
				ENABLE_TESTABILITY = YES;
				ENABLE_USER_SCRIPT_SANDBOXING = YES;
				GCC_C_LANGUAGE_STANDARD = gnu17;
				GCC_DYNAMIC_NO_PIC = NO;
				GCC_NO_COMMON_BLOCKS = YES;
				GCC_OPTIMIZATION_LEVEL = 0;
				GCC_PREPROCESSOR_DEFINITIONS = (
					"DEBUG=1",
					"$(inherited)",
				);
				GCC_WARN_64_TO_32_BIT_CONVERSION = YES;
				GCC_WARN_ABOUT_RETURN_TYPE = YES_ERROR;
				GCC_WARN_UNDECLARED_SELECTOR = YES;
				GCC_WARN_UNINITIALIZED_AUTOS = YES_AGGRESSIVE;
				GCC_WARN_UNUSED_FUNCTION = YES;
				GCC_WARN_UNUSED_VARIABLE = YES;
				IPHONEOS_DEPLOYMENT_TARGET = 17.2;
				LOCALIZATION_PREFERS_STRING_CATALOGS = YES;
				MTL_ENABLE_DEBUG_INFO = INCLUDE_SOURCE;
				MTL_FAST_MATH = YES;
				ONLY_ACTIVE_ARCH = YES;
				SDKROOT = iphoneos;
				SWIFT_ACTIVE_COMPILATION_CONDITIONS = "DEBUG $(inherited)";
				SWIFT_OPTIMIZATION_LEVEL = "-Onone";
			};
			name = Debug;
		};
		107129FD2D86B0C400DCC449 /* Release */ = {
			isa = XCBuildConfiguration;
			buildSettings = {
				ALWAYS_SEARCH_USER_PATHS = NO;
				ASSETCATALOG_COMPILER_GENERATE_SWIFT_ASSET_SYMBOL_EXTENSIONS = YES;
				CLANG_ANALYZER_NONNULL = YES;
				CLANG_ANALYZER_NUMBER_OBJECT_CONVERSION = YES_AGGRESSIVE;
				CLANG_CXX_LANGUAGE_STANDARD = "gnu++20";
				CLANG_ENABLE_MODULES = YES;
				CLANG_ENABLE_OBJC_ARC = YES;
				CLANG_ENABLE_OBJC_WEAK = YES;
				CLANG_WARN_BLOCK_CAPTURE_AUTORELEASING = YES;
				CLANG_WARN_BOOL_CONVERSION = YES;
				CLANG_WARN_COMMA = YES;
				CLANG_WARN_CONSTANT_CONVERSION = YES;
				CLANG_WARN_DEPRECATED_OBJC_IMPLEMENTATIONS = YES;
				CLANG_WARN_DIRECT_OBJC_ISA_USAGE = YES_ERROR;
				CLANG_WARN_DOCUMENTATION_COMMENTS = YES;
				CLANG_WARN_EMPTY_BODY = YES;
				CLANG_WARN_ENUM_CONVERSION = YES;
				CLANG_WARN_INFINITE_RECURSION = YES;
				CLANG_WARN_INT_CONVERSION = YES;
				CLANG_WARN_NON_LITERAL_NULL_CONVERSION = YES;
				CLANG_WARN_OBJC_IMPLICIT_RETAIN_SELF = YES;
				CLANG_WARN_OBJC_LITERAL_CONVERSION = YES;
				CLANG_WARN_OBJC_ROOT_CLASS = YES_ERROR;
				CLANG_WARN_QUOTED_INCLUDE_IN_FRAMEWORK_HEADER = YES;
				CLANG_WARN_RANGE_LOOP_ANALYSIS = YES;
				CLANG_WARN_STRICT_PROTOTYPES = YES;
				CLANG_WARN_SUSPICIOUS_MOVE = YES;
				CLANG_WARN_UNGUARDED_AVAILABILITY = YES_AGGRESSIVE;
				CLANG_WARN_UNREACHABLE_CODE = YES;
				CLANG_WARN__DUPLICATE_METHOD_MATCH = YES;
				COPY_PHASE_STRIP = NO;
				DEBUG_INFORMATION_FORMAT = "dwarf-with-dsym";
				ENABLE_NS_ASSERTIONS = NO;
				ENABLE_STRICT_OBJC_MSGSEND = YES;
				ENABLE_USER_SCRIPT_SANDBOXING = YES;
				GCC_C_LANGUAGE_STANDARD = gnu17;
				GCC_NO_COMMON_BLOCKS = YES;
				GCC_WARN_64_TO_32_BIT_CONVERSION = YES;
				GCC_WARN_ABOUT_RETURN_TYPE = YES_ERROR;
				GCC_WARN_UNDECLARED_SELECTOR = YES;
				GCC_WARN_UNINITIALIZED_AUTOS = YES_AGGRESSIVE;
				GCC_WARN_UNUSED_FUNCTION = YES;
				GCC_WARN_UNUSED_VARIABLE = YES;
				IPHONEOS_DEPLOYMENT_TARGET = 17.2;
				LOCALIZATION_PREFERS_STRING_CATALOGS = YES;
				MTL_ENABLE_DEBUG_INFO = NO;
				MTL_FAST_MATH = YES;
				SDKROOT = iphoneos;
				SWIFT_COMPILATION_MODE = wholemodule;
				VALIDATE_PRODUCT = YES;
			};
			name = Release;
		};
		107129FF2D86B0C400DCC449 /* Debug */ = {
			isa = XCBuildConfiguration;
			buildSettings = {
				ALWAYS_EMBED_SWIFT_STANDARD_LIBRARIES = YES;
				ASSETCATALOG_COMPILER_APPICON_NAME = AppIcon;
				ASSETCATALOG_COMPILER_GLOBAL_ACCENT_COLOR_NAME = AccentColor;
				CODE_SIGN_ENTITLEMENTS = kakai/kakai.entitlements;
				CODE_SIGN_STYLE = Automatic;
				CURRENT_PROJECT_VERSION = 1;
				DEVELOPMENT_ASSET_PATHS = "\"kakai/Preview Content\"";
				DEVELOPMENT_TEAM = 3CDS36TP26;
				ENABLE_PREVIEWS = YES;
				GENERATE_INFOPLIST_FILE = YES;
				INFOPLIST_KEY_UIApplicationSceneManifest_Generation = YES;
				INFOPLIST_KEY_UIApplicationSupportsIndirectInputEvents = YES;
				INFOPLIST_KEY_UILaunchScreen_Generation = YES;
				INFOPLIST_KEY_UISupportedInterfaceOrientations_iPad = "UIInterfaceOrientationPortrait UIInterfaceOrientationPortraitUpsideDown UIInterfaceOrientationLandscapeLeft UIInterfaceOrientationLandscapeRight";
				INFOPLIST_KEY_UISupportedInterfaceOrientations_iPhone = "UIInterfaceOrientationPortrait UIInterfaceOrientationLandscapeLeft UIInterfaceOrientationLandscapeRight";
				LD_RUNPATH_SEARCH_PATHS = (
					"$(inherited)",
					"@executable_path/Frameworks",
				);
				MARKETING_VERSION = 1.0;
				PRODUCT_BUNDLE_IDENTIFIER = gaku.kakai;
				PRODUCT_NAME = "$(TARGET_NAME)";
				SWIFT_EMIT_LOC_STRINGS = YES;
				SWIFT_VERSION = 5.0;
				TARGETED_DEVICE_FAMILY = "1,2";
			};
			name = Debug;
		};
		10712A002D86B0C400DCC449 /* Release */ = {
			isa = XCBuildConfiguration;
			buildSettings = {
				ALWAYS_EMBED_SWIFT_STANDARD_LIBRARIES = YES;
				ASSETCATALOG_COMPILER_APPICON_NAME = AppIcon;
				ASSETCATALOG_COMPILER_GLOBAL_ACCENT_COLOR_NAME = AccentColor;
				CODE_SIGN_ENTITLEMENTS = kakai/kakai.entitlements;
				CODE_SIGN_STYLE = Automatic;
				CURRENT_PROJECT_VERSION = 1;
				DEVELOPMENT_ASSET_PATHS = "\"kakai/Preview Content\"";
				DEVELOPMENT_TEAM = 3CDS36TP26;
				ENABLE_PREVIEWS = YES;
				GENERATE_INFOPLIST_FILE = YES;
				INFOPLIST_KEY_UIApplicationSceneManifest_Generation = YES;
				INFOPLIST_KEY_UIApplicationSupportsIndirectInputEvents = YES;
				INFOPLIST_KEY_UILaunchScreen_Generation = YES;
				INFOPLIST_KEY_UISupportedInterfaceOrientations_iPad = "UIInterfaceOrientationPortrait UIInterfaceOrientationPortraitUpsideDown UIInterfaceOrientationLandscapeLeft UIInterfaceOrientationLandscapeRight";
				INFOPLIST_KEY_UISupportedInterfaceOrientations_iPhone = "UIInterfaceOrientationPortrait UIInterfaceOrientationLandscapeLeft UIInterfaceOrientationLandscapeRight";
				LD_RUNPATH_SEARCH_PATHS = (
					"$(inherited)",
					"@executable_path/Frameworks",
				);
				MARKETING_VERSION = 1.0;
				PRODUCT_BUNDLE_IDENTIFIER = gaku.kakai;
				PRODUCT_NAME = "$(TARGET_NAME)";
				SWIFT_EMIT_LOC_STRINGS = YES;
				SWIFT_VERSION = 5.0;
				TARGETED_DEVICE_FAMILY = "1,2";
			};
			name = Release;
		};
		10712A252D86BE5F00DCC449 /* Debug */ = {
			isa = XCBuildConfiguration;
			buildSettings = {
				ASSETCATALOG_COMPILER_GLOBAL_ACCENT_COLOR_NAME = AccentColor;
				ASSETCATALOG_COMPILER_WIDGET_BACKGROUND_COLOR_NAME = WidgetBackground;
				CODE_SIGN_ENTITLEMENTS = KakaiWidgetExtension.entitlements;
				CODE_SIGN_STYLE = Automatic;
				CURRENT_PROJECT_VERSION = 1;
				DEVELOPMENT_TEAM = 3CDS36TP26;
				GENERATE_INFOPLIST_FILE = YES;
				INFOPLIST_FILE = KakaiWidget/Info.plist;
				INFOPLIST_KEY_CFBundleDisplayName = KakaiWidget;
				INFOPLIST_KEY_NSHumanReadableCopyright = "";
				LD_RUNPATH_SEARCH_PATHS = (
					"$(inherited)",
					"@executable_path/Frameworks",
					"@executable_path/../../Frameworks",
				);
				MARKETING_VERSION = 1.0;
				PRODUCT_BUNDLE_IDENTIFIER = gaku.kakai.KakaiWidget;
				PRODUCT_NAME = "$(TARGET_NAME)";
				SKIP_INSTALL = YES;
				SWIFT_EMIT_LOC_STRINGS = YES;
				SWIFT_VERSION = 5.0;
				TARGETED_DEVICE_FAMILY = "1,2";
			};
			name = Debug;
		};
		10712A262D86BE5F00DCC449 /* Release */ = {
			isa = XCBuildConfiguration;
			buildSettings = {
				ASSETCATALOG_COMPILER_GLOBAL_ACCENT_COLOR_NAME = AccentColor;
				ASSETCATALOG_COMPILER_WIDGET_BACKGROUND_COLOR_NAME = WidgetBackground;
				CODE_SIGN_ENTITLEMENTS = KakaiWidgetExtension.entitlements;
				CODE_SIGN_STYLE = Automatic;
				CURRENT_PROJECT_VERSION = 1;
				DEVELOPMENT_TEAM = 3CDS36TP26;
				GENERATE_INFOPLIST_FILE = YES;
				INFOPLIST_FILE = KakaiWidget/Info.plist;
				INFOPLIST_KEY_CFBundleDisplayName = KakaiWidget;
				INFOPLIST_KEY_NSHumanReadableCopyright = "";
				LD_RUNPATH_SEARCH_PATHS = (
					"$(inherited)",
					"@executable_path/Frameworks",
					"@executable_path/../../Frameworks",
				);
				MARKETING_VERSION = 1.0;
				PRODUCT_BUNDLE_IDENTIFIER = gaku.kakai.KakaiWidget;
				PRODUCT_NAME = "$(TARGET_NAME)";
				SKIP_INSTALL = YES;
				SWIFT_EMIT_LOC_STRINGS = YES;
				SWIFT_VERSION = 5.0;
				TARGETED_DEVICE_FAMILY = "1,2";
			};
			name = Release;
		};
/* End XCBuildConfiguration section */

/* Begin XCConfigurationList section */
		107129EB2D86B0C000DCC449 /* Build configuration list for PBXProject "kakai" */ = {
			isa = XCConfigurationList;
			buildConfigurations = (
				107129FC2D86B0C400DCC449 /* Debug */,
				107129FD2D86B0C400DCC449 /* Release */,
			);
			defaultConfigurationIsVisible = 0;
			defaultConfigurationName = Release;
		};
		107129FE2D86B0C400DCC449 /* Build configuration list for PBXNativeTarget "kakai" */ = {
			isa = XCConfigurationList;
			buildConfigurations = (
				107129FF2D86B0C400DCC449 /* Debug */,
				10712A002D86B0C400DCC449 /* Release */,
			);
			defaultConfigurationIsVisible = 0;
			defaultConfigurationName = Release;
		};
		10712A242D86BE5F00DCC449 /* Build configuration list for PBXNativeTarget "KakaiWidgetExtension" */ = {
			isa = XCConfigurationList;
			buildConfigurations = (
				10712A252D86BE5F00DCC449 /* Debug */,
				10712A262D86BE5F00DCC449 /* Release */,
			);
			defaultConfigurationIsVisible = 0;
			defaultConfigurationName = Release;
		};
/* End XCConfigurationList section */
	};
	rootObject = 107129E82D86B0C000DCC449 /* Project object */;
}
